
Microsoft Visual Studio Solution File, Format Version 12.00
# Visual Studio Version 16
VisualStudioVersion = 16.0.30114.105
MinimumVisualStudioVersion = 10.0.40219.1
Project("{FAE04EC0-301F-11D3-BF4B-00C04F79EFBC}") = "BlazorDirectoryProject", "BlazorDirectoryProject\BlazorDirectoryProject.csproj", "{33C3F00F-A764-4AE3-B56C-E1E425AA859B}"
EndProject
Project("{FAE04EC0-301F-11D3-BF4B-00C04F79EFBC}") = "BlazorDirectoryProject.Tests", "BlazorDirectoryProject.Tests\BlazorDirectoryProject.Tests.csproj", "{63F2B2F4-356D-442E-B6EF-A50233478E5F}"
EndProject
Global
	GlobalSection(SolutionConfigurationPlatforms) = preSolution
		Debug|Any CPU = Debug|Any CPU
		Release|Any CPU = Release|Any CPU
	EndGlobalSection
	GlobalSection(SolutionProperties) = preSolution
		HideSolutionNode = FALSE
	EndGlobalSection
	GlobalSection(ProjectConfigurationPlatforms) = postSolution
		{33C3F00F-A764-4AE3-B56C-E1E425AA859B}.Debug|Any CPU.ActiveCfg = Debug|Any CPU
		{33C3F00F-A764-4AE3-B56C-E1E425AA859B}.Debug|Any CPU.Build.0 = Debug|Any CPU
		{33C3F00F-A764-4AE3-B56C-E1E425AA859B}.Release|Any CPU.ActiveCfg = Release|Any CPU
		{33C3F00F-A764-4AE3-B56C-E1E425AA859B}.Release|Any CPU.Build.0 = Release|Any CPU
		{63F2B2F4-356D-442E-B6EF-A50233478E5F}.Debug|Any CPU.ActiveCfg = Debug|Any CPU
		{63F2B2F4-356D-442E-B6EF-A50233478E5F}.Debug|Any CPU.Build.0 = Debug|Any CPU
		{63F2B2F4-356D-442E-B6EF-A50233478E5F}.Release|Any CPU.ActiveCfg = Release|Any CPU
		{63F2B2F4-356D-442E-B6EF-A50233478E5F}.Release|Any CPU.Build.0 = Release|Any CPU
	EndGlobalSection
EndGlobal
